
Microsoft Visual Studio Solution File, Format Version 12.00
# Visual Studio 15
VisualStudioVersion = 15.0.27004.2006
MinimumVisualStudioVersion = 10.0.40219.1
Project("{9A19103F-16F7-4668-BE54-9A1E7A4F7556}") = "Annytab.Fortnox.Client", "Annytab.Fortnox.Client\Annytab.Fortnox.Client.csproj", "{2E87F024-81CE-40AA-A7FA-67A2673AD8A5}"
EndProject
Project("{9A19103F-16F7-4668-BE54-9A1E7A4F7556}") = "TestProgram", "TestProgram\TestProgram.csproj", "{C18A02C6-8102-415C-AD2A-48D40FA966C1}"
EndProject
Global
	GlobalSection(SolutionConfigurationPlatforms) = preSolution
		Debug|Any CPU = Debug|Any CPU
		Release|Any CPU = Release|Any CPU
	EndGlobalSection
	GlobalSection(ProjectConfigurationPlatforms) = postSolution
		{2E87F024-81CE-40AA-A7FA-67A2673AD8A5}.Debug|Any CPU.ActiveCfg = Debug|Any CPU
		{2E87F024-81CE-40AA-A7FA-67A2673AD8A5}.Debug|Any CPU.Build.0 = Debug|Any CPU
		{2E87F024-81CE-40AA-A7FA-67A2673AD8A5}.Release|Any CPU.ActiveCfg = Release|Any CPU
		{2E87F024-81CE-40AA-A7FA-67A2673AD8A5}.Release|Any CPU.Build.0 = Release|Any CPU
		{C18A02C6-8102-415C-AD2A-48D40FA966C1}.Debug|Any CPU.ActiveCfg = Debug|Any CPU
		{C18A02C6-8102-415C-AD2A-48D40FA966C1}.Debug|Any CPU.Build.0 = Debug|Any CPU
		{C18A02C6-8102-415C-AD2A-48D40FA966C1}.Release|Any CPU.ActiveCfg = Release|Any CPU
		{C18A02C6-8102-415C-AD2A-48D40FA966C1}.Release|Any CPU.Build.0 = Release|Any CPU
	EndGlobalSection
	GlobalSection(SolutionProperties) = preSolution
		HideSolutionNode = FALSE
	EndGlobalSection
	GlobalSection(ExtensibilityGlobals) = postSolution
		SolutionGuid = {3BEB1B6F-875C-4C46-948B-FB9098182E6B}
	EndGlobalSection
EndGlobal
